
Microsoft Visual Studio Solution File, Format Version 12.00
# Visual Studio Version 17
VisualStudioVersion = 17.13.35931.197 d17.13
MinimumVisualStudioVersion = 10.0.40219.1
Project("{FAE04EC0-301F-11D3-BF4B-00C04F79EFBC}") = "Test.Integrations", "Test.Integrations\Test.Integrations.csproj", "{A9CEEC70-D1C1-498D-B2A9-18725E1940E9}"
EndProject
Global
	GlobalSection(SolutionConfigurationPlatforms) = preSolution
		Debug|Any CPU = Debug|Any CPU
		Release|Any CPU = Release|Any CPU
	EndGlobalSection
	GlobalSection(ProjectConfigurationPlatforms) = postSolution
		{A9CEEC70-D1C1-498D-B2A9-18725E1940E9}.Debug|Any CPU.ActiveCfg = Debug|Any CPU
		{A9CEEC70-D1C1-498D-B2A9-18725E1940E9}.Debug|Any CPU.Build.0 = Debug|Any CPU
		{A9CEEC70-D1C1-498D-B2A9-18725E1940E9}.Release|Any CPU.ActiveCfg = Release|Any CPU
		{A9CEEC70-D1C1-498D-B2A9-18725E1940E9}.Release|Any CPU.Build.0 = Release|Any CPU
	EndGlobalSection
	GlobalSection(SolutionProperties) = preSolution
		HideSolutionNode = FALSE
	EndGlobalSection
	GlobalSection(ExtensibilityGlobals) = postSolution
		SolutionGuid = {657D678E-274A-4953-BF94-F3A24018F1B6}
	EndGlobalSection
EndGlobal
